
Microsoft Visual Studio Solution File, Format Version 12.00
# Visual Studio 15
VisualStudioVersion = 15.0.35319.79
MinimumVisualStudioVersion = 10.0.40219.1
Project("{FAE04EC0-301F-11D3-BF4B-00C04F79EFBC}") = "SoruBir", "SoruBir\SoruBir.csproj", "{DDA8EDEF-9398-45C7-B08D-EAF9E68571DE}"
EndProject
Global
	GlobalSection(SolutionConfigurationPlatforms) = preSolution
		Debug|Any CPU = Debug|Any CPU
		Release|Any CPU = Release|Any CPU
	EndGlobalSection
	GlobalSection(ProjectConfigurationPlatforms) = postSolution
		{DDA8EDEF-9398-45C7-B08D-EAF9E68571DE}.Debug|Any CPU.ActiveCfg = Debug|Any CPU
		{DDA8EDEF-9398-45C7-B08D-EAF9E68571DE}.Debug|Any CPU.Build.0 = Debug|Any CPU
		{DDA8EDEF-9398-45C7-B08D-EAF9E68571DE}.Release|Any CPU.ActiveCfg = Release|Any CPU
		{DDA8EDEF-9398-45C7-B08D-EAF9E68571DE}.Release|Any CPU.Build.0 = Release|Any CPU
	EndGlobalSection
	GlobalSection(SolutionProperties) = preSolution
		HideSolutionNode = FALSE
	EndGlobalSection
	GlobalSection(ExtensibilityGlobals) = postSolution
		SolutionGuid = {B66A31CB-7D2E-4C51-BF63-C49D5DA97A5A}
	EndGlobalSection
EndGlobal
